{
  "name": "avsc_vs_cbor-x",
  "version": "1.0.0",
  "lockfileVersion": 2,
  "requires": true,
  "packages": {
    "": {
      "name": "avsc_vs_cbor-x",
      "version": "1.0.0",
      "license": "MIT",
      "dependencies": {
        "@avro/types": "^1.0.25",
        "cbor-x": "^1.4.1"
      }
    },
    "node_modules/@avro/types": {
      "version": "1.0.25",
      "resolved": "https://registry.npmjs.org/@avro/types/-/types-1.0.25.tgz",
      "integrity": "sha512-rQmCpcsYfO1QO1R3I+T33SB21sq8d7K4PJb8uuaWGNRdWrNSQzQjcZXRqBD3g1m8Cg1RVINT1COmlqRg1uBLLA==",
      "engines": {
        "node": ">=0.11"
      }
    },
    "node_modules/@cbor-extract/cbor-extract-darwin-arm64": {
      "version": "2.0.0",
      "resolved": "https://registry.npmjs.org/@cbor-extract/cbor-extract-darwin-arm64/-/cbor-extract-darwin-arm64-2.0.0.tgz",
      "integrity": "sha512-jebtLrruvsBbGMsUn0QxZW/8Z7caS9OkszVKZ64WTWajUkyohmolUdKL2nbfaTyyi3ABJrxVNM4YO1pvMsNI1g==",
      "cpu": [
        "arm64"
      ],
      "optional": true,
      "os": [
        "darwin"
      ]
    },
    "node_modules/@cbor-extract/cbor-extract-darwin-x64": {
      "version": "2.0.0",
      "resolved": "https://registry.npmjs.org/@cbor-extract/cbor-extract-darwin-x64/-/cbor-extract-darwin-x64-2.0.0.tgz",
      "integrity": "sha512-LGYjdlyqANBqCDzBujCqXpPcK70rvaQgw98/aquzBuEmK0KXS7i579CoVG1yS/eb3bMqiVPevBri45jbR6Tlsg==",
      "cpu": [
        "x64"
      ],
      "optional": true,
      "os": [
        "darwin"
      ]
    },
    "node_modules/@cbor-extract/cbor-extract-linux-arm": {
      "version": "2.0.0",
      "resolved": "https://registry.npmjs.org/@cbor-extract/cbor-extract-linux-arm/-/cbor-extract-linux-arm-2.0.0.tgz",
      "integrity": "sha512-cOGHEIif5rPbpix6qhpuatrZzm6HeC5rT0nXt8ynLTc7PzfXmovswD9x6d9h5NcHswkV5y3PbkNbpel/tLADYg==",
      "cpu": [
        "arm"
      ],
      "optional": true,
      "os": [
        "linux"
      ]
    },
    "node_modules/@cbor-extract/cbor-extract-linux-arm64": {
      "version": "2.0.0",
      "resolved": "https://registry.npmjs.org/@cbor-extract/cbor-extract-linux-arm64/-/cbor-extract-linux-arm64-2.0.0.tgz",
      "integrity": "sha512-c1rbQcSF01yVgbG60zEfHNsUkXiEEQRNdYqm5qpqEAkLx4gA6DDU91IQbalkqXfwDuQzcMovOc1TC3uJJIi2OQ==",
      "cpu": [
        "arm64"
      ],
      "optional": true,
      "os": [
        "linux"
      ]
    },
    "node_modules/@cbor-extract/cbor-extract-linux-x64": {
      "version": "2.0.0",
      "resolved": "https://registry.npmjs.org/@cbor-extract/cbor-extract-linux-x64/-/cbor-extract-linux-x64-2.0.0.tgz",
      "integrity": "sha512-WYeE1b5WGf9pbbQH3qeNBXq710gGsuVFUiP148RY8In+2pCp/fxjBpe701ngam9/fF5D+gJs8B1i5wv/PN7JZA==",
      "cpu": [
        "x64"
      ],
      "optional": true,
      "os": [
        "linux"
      ]
    },
    "node_modules/@cbor-extract/cbor-extract-win32-x64": {
      "version": "2.0.0",
      "resolved": "https://registry.npmjs.org/@cbor-extract/cbor-extract-win32-x64/-/cbor-extract-win32-x64-2.0.0.tgz",
      "integrity": "sha512-XqVuJEnE0jpl/RkuSp04FF2UE73gY52Y4nZaIE6j9GAeSH2cHYU5CCd4TaVMDi2M18ZpZv7XhL/k+nneQzyJpQ==",
      "cpu": [
        "x64"
      ],
      "optional": true,
      "os": [
        "win32"
      ]
    },
    "node_modules/cbor-extract": {
      "version": "2.0.2",
      "resolved": "https://registry.npmjs.org/cbor-extract/-/cbor-extract-2.0.2.tgz",
      "integrity": "sha512-QoLGEgPff03ad/L66P91ci5Zmf7Woq8bh4H5XT3+D5annlrPH5ObHf2Yvo53eDQaDkQtF9tJwMKSWANGXDmwUA==",
      "hasInstallScript": true,
      "optional": true,
      "dependencies": {
        "node-gyp-build-optional-packages": "5.0.3"
      },
      "optionalDependencies": {
        "@cbor-extract/cbor-extract-darwin-arm64": "2.0.0",
        "@cbor-extract/cbor-extract-darwin-x64": "2.0.0",
        "@cbor-extract/cbor-extract-linux-arm": "2.0.0",
        "@cbor-extract/cbor-extract-linux-arm64": "2.0.0",
        "@cbor-extract/cbor-extract-linux-x64": "2.0.0",
        "@cbor-extract/cbor-extract-win32-x64": "2.0.0"
      }
    },
    "node_modules/cbor-x": {
      "version": "1.4.1",
      "resolved": "https://registry.npmjs.org/cbor-x/-/cbor-x-1.4.1.tgz",
      "integrity": "sha512-qp6nM61RaamDJWsDGHzMIQ4+XBtg7/QIoBi5Lra4IDU65eP8lHcgkkJ9t2yIU8EvRThBfFCh6+S1Qkrmq93J3Q==",
      "optionalDependencies": {
        "cbor-extract": "^2.0.2"
      }
    },
    "node_modules/node-gyp-build-optional-packages": {
      "version": "5.0.3",
      "resolved": "https://registry.npmjs.org/node-gyp-build-optional-packages/-/node-gyp-build-optional-packages-5.0.3.tgz",
      "integrity": "sha512-k75jcVzk5wnnc/FMxsf4udAoTEUv2jY3ycfdSd3yWu6Cnd1oee6/CfZJApyscA4FJOmdoixWwiwOyf16RzD5JA==",
      "optional": true,
      "bin": {
        "node-gyp-build-optional-packages": "bin.js",
        "node-gyp-build-optional-packages-optional": "optional.js",
        "node-gyp-build-optional-packages-test": "build-test.js"
      }
    }
  },
  "dependencies": {
    "@avro/types": {
      "version": "1.0.25",
      "resolved": "https://registry.npmjs.org/@avro/types/-/types-1.0.25.tgz",
      "integrity": "sha512-rQmCpcsYfO1QO1R3I+T33SB21sq8d7K4PJb8uuaWGNRdWrNSQzQjcZXRqBD3g1m8Cg1RVINT1COmlqRg1uBLLA=="
    },
    "@cbor-extract/cbor-extract-darwin-arm64": {
      "version": "2.0.0",
      "resolved": "https://registry.npmjs.org/@cbor-extract/cbor-extract-darwin-arm64/-/cbor-extract-darwin-arm64-2.0.0.tgz",
      "integrity": "sha512-jebtLrruvsBbGMsUn0QxZW/8Z7caS9OkszVKZ64WTWajUkyohmolUdKL2nbfaTyyi3ABJrxVNM4YO1pvMsNI1g==",
      "optional": true
    },
    "@cbor-extract/cbor-extract-darwin-x64": {
      "version": "2.0.0",
      "resolved": "https://registry.npmjs.org/@cbor-extract/cbor-extract-darwin-x64/-/cbor-extract-darwin-x64-2.0.0.tgz",
      "integrity": "sha512-LGYjdlyqANBqCDzBujCqXpPcK70rvaQgw98/aquzBuEmK0KXS7i579CoVG1yS/eb3bMqiVPevBri45jbR6Tlsg==",
      "optional": true
    },
    "@cbor-extract/cbor-extract-linux-arm": {
      "version": "2.0.0",
      "resolved": "https://registry.npmjs.org/@cbor-extract/cbor-extract-linux-arm/-/cbor-extract-linux-arm-2.0.0.tgz",
      "integrity": "sha512-cOGHEIif5rPbpix6qhpuatrZzm6HeC5rT0nXt8ynLTc7PzfXmovswD9x6d9h5NcHswkV5y3PbkNbpel/tLADYg==",
      "optional": true
    },
    "@cbor-extract/cbor-extract-linux-arm64": {
      "version": "2.0.0",
      "resolved": "https://registry.npmjs.org/@cbor-extract/cbor-extract-linux-arm64/-/cbor-extract-linux-arm64-2.0.0.tgz",
      "integrity": "sha512-c1rbQcSF01yVgbG60zEfHNsUkXiEEQRNdYqm5qpqEAkLx4gA6DDU91IQbalkqXfwDuQzcMovOc1TC3uJJIi2OQ==",
      "optional": true
    },
    "@cbor-extract/cbor-extract-linux-x64": {
      "version": "2.0.0",
      "resolved": "https://registry.npmjs.org/@cbor-extract/cbor-extract-linux-x64/-/cbor-extract-linux-x64-2.0.0.tgz",
      "integrity": "sha512-WYeE1b5WGf9pbbQH3qeNBXq710gGsuVFUiP148RY8In+2pCp/fxjBpe701ngam9/fF5D+gJs8B1i5wv/PN7JZA==",
      "optional": true
    },
    "@cbor-extract/cbor-extract-win32-x64": {
      "version": "2.0.0",
      "resolved": "https://registry.npmjs.org/@cbor-extract/cbor-extract-win32-x64/-/cbor-extract-win32-x64-2.0.0.tgz",
      "integrity": "sha512-XqVuJEnE0jpl/RkuSp04FF2UE73gY52Y4nZaIE6j9GAeSH2cHYU5CCd4TaVMDi2M18ZpZv7XhL/k+nneQzyJpQ==",
      "optional": true
    },
    "cbor-extract": {
      "version": "2.0.2",
      "resolved": "https://registry.npmjs.org/cbor-extract/-/cbor-extract-2.0.2.tgz",
      "integrity": "sha512-QoLGEgPff03ad/L66P91ci5Zmf7Woq8bh4H5XT3+D5annlrPH5ObHf2Yvo53eDQaDkQtF9tJwMKSWANGXDmwUA==",
      "optional": true,
      "requires": {
        "@cbor-extract/cbor-extract-darwin-arm64": "2.0.0",
        "@cbor-extract/cbor-extract-darwin-x64": "2.0.0",
        "@cbor-extract/cbor-extract-linux-arm": "2.0.0",
        "@cbor-extract/cbor-extract-linux-arm64": "2.0.0",
        "@cbor-extract/cbor-extract-linux-x64": "2.0.0",
        "@cbor-extract/cbor-extract-win32-x64": "2.0.0",
        "node-gyp-build-optional-packages": "5.0.3"
      }
    },
    "cbor-x": {
      "version": "1.4.1",
      "resolved": "https://registry.npmjs.org/cbor-x/-/cbor-x-1.4.1.tgz",
      "integrity": "sha512-qp6nM61RaamDJWsDGHzMIQ4+XBtg7/QIoBi5Lra4IDU65eP8lHcgkkJ9t2yIU8EvRThBfFCh6+S1Qkrmq93J3Q==",
      "requires": {
        "cbor-extract": "^2.0.2"
      }
    },
    "node-gyp-build-optional-packages": {
      "version": "5.0.3",
      "resolved": "https://registry.npmjs.org/node-gyp-build-optional-packages/-/node-gyp-build-optional-packages-5.0.3.tgz",
      "integrity": "sha512-k75jcVzk5wnnc/FMxsf4udAoTEUv2jY3ycfdSd3yWu6Cnd1oee6/CfZJApyscA4FJOmdoixWwiwOyf16RzD5JA==",
      "optional": true
    }
  }
}